
Microsoft Visual Studio Solution File, Format Version 12.00
# Visual Studio Version 17
VisualStudioVersion = 17.0.31903.59
MinimumVisualStudioVersion = 10.0.40219.1
Project("{9A19103F-16F7-4668-BE54-9A1E7A4F7556}") = "CarWorkshop.MVC", "CarWorkshop.MVC\CarWorkshop.MVC.csproj", "{E50D9C82-DF41-4410-9C97-6A36417242B8}"
EndProject
Project("{9A19103F-16F7-4668-BE54-9A1E7A4F7556}") = "CarWorkshop.Domain", "CarWorkshop.Domain\CarWorkshop.Domain.csproj", "{2084BB9A-697E-40E1-82DA-DBE0E8A4ACB4}"
EndProject
Project("{9A19103F-16F7-4668-BE54-9A1E7A4F7556}") = "CarWorkshop.Application", "CarWorkshop.Application\CarWorkshop.Application.csproj", "{3773DB16-C624-43EC-92F5-B6B308CC5934}"
EndProject
Project("{9A19103F-16F7-4668-BE54-9A1E7A4F7556}") = "CarWorkshop.Infrastructure", "CarWorkshop.Infrastructure\CarWorkshop.Infrastructure.csproj", "{DD856ED0-90BC-4D8F-8003-6DC4606F6E76}"
EndProject
Global
	GlobalSection(SolutionConfigurationPlatforms) = preSolution
		Debug|Any CPU = Debug|Any CPU
		Release|Any CPU = Release|Any CPU
	EndGlobalSection
	GlobalSection(ProjectConfigurationPlatforms) = postSolution
		{E50D9C82-DF41-4410-9C97-6A36417242B8}.Debug|Any CPU.ActiveCfg = Debug|Any CPU
		{E50D9C82-DF41-4410-9C97-6A36417242B8}.Debug|Any CPU.Build.0 = Debug|Any CPU
		{E50D9C82-DF41-4410-9C97-6A36417242B8}.Release|Any CPU.ActiveCfg = Release|Any CPU
		{E50D9C82-DF41-4410-9C97-6A36417242B8}.Release|Any CPU.Build.0 = Release|Any CPU
		{2084BB9A-697E-40E1-82DA-DBE0E8A4ACB4}.Debug|Any CPU.ActiveCfg = Debug|Any CPU
		{2084BB9A-697E-40E1-82DA-DBE0E8A4ACB4}.Debug|Any CPU.Build.0 = Debug|Any CPU
		{2084BB9A-697E-40E1-82DA-DBE0E8A4ACB4}.Release|Any CPU.ActiveCfg = Release|Any CPU
		{2084BB9A-697E-40E1-82DA-DBE0E8A4ACB4}.Release|Any CPU.Build.0 = Release|Any CPU
		{3773DB16-C624-43EC-92F5-B6B308CC5934}.Debug|Any CPU.ActiveCfg = Debug|Any CPU
		{3773DB16-C624-43EC-92F5-B6B308CC5934}.Debug|Any CPU.Build.0 = Debug|Any CPU
		{3773DB16-C624-43EC-92F5-B6B308CC5934}.Release|Any CPU.ActiveCfg = Release|Any CPU
		{3773DB16-C624-43EC-92F5-B6B308CC5934}.Release|Any CPU.Build.0 = Release|Any CPU
		{DD856ED0-90BC-4D8F-8003-6DC4606F6E76}.Debug|Any CPU.ActiveCfg = Debug|Any CPU
		{DD856ED0-90BC-4D8F-8003-6DC4606F6E76}.Debug|Any CPU.Build.0 = Debug|Any CPU
		{DD856ED0-90BC-4D8F-8003-6DC4606F6E76}.Release|Any CPU.ActiveCfg = Release|Any CPU
		{DD856ED0-90BC-4D8F-8003-6DC4606F6E76}.Release|Any CPU.Build.0 = Release|Any CPU
	EndGlobalSection
	GlobalSection(SolutionProperties) = preSolution
		HideSolutionNode = FALSE
	EndGlobalSection
	GlobalSection(ExtensibilityGlobals) = postSolution
		SolutionGuid = {06937268-42B3-4785-897C-84CD82A7457C}
	EndGlobalSection
EndGlobal
